core:changelogs:
  - content: "---\npackages:\n  mocktown:\n    type: minor\n---\n\n### Added\n\n- **A dark scheme in the GUI.** `theme` in the shell's header picks `system`, `light` or\n  `dark`; `system` is the default and follows the OS. The choice is remembered and applies\n  before the first paint. Panels follow the shell — the scheme is passed in their query\n  string alongside the project.\n- **Real dials for scenario knobs.** A knob whose schema declares a range is now a slider,\n  a boolean is a switch, and one with a fixed set of values is a select — picked from the\n  knob's own schema, so a mock gains a proper control by declaring one. Project settings\n  are a form with each setting's description under its control, instead of a table with an\n  input in one column.\n\n### Changed\n\n- **Clicking a row in Issues or Services opens a drawer** rather than unfolding the detail\n  underneath the table, so the list stays where it was while you read.\n- **Dashboard widgets have a fixed height and scroll inside themselves**, so one busy\n  service no longer decides the height of the page.\n- **Scrollable areas fade at the edge you can still scroll toward**, and their scrollbar\n  stays out of the way until you reach for it.\n"
    filename: gui-dials-dark-drawers.md
    v: 0.0.0
core:packages:
  - id: npm:@mocktown/root
    updated: false
  - id: npm:spike-03-emulate
    updated: false
  - id: npm:spike-04-container-seal
    updated: false
  - id: npm:spike-02-orpc-bun
    updated: false
  - id: npm:spike-05-scrubber
    updated: false
  - id: npm:spike-01-mockttp-bun
    updated: false
  - changelogIds:
      - gui-dials-dark-drawers.md
    id: npm:mocktown
    updated: true
  - id: npm:@mocktown/gui
    updated: true
npm:packages:
  - id: npm:@mocktown/root
  - id: npm:spike-03-emulate
  - id: npm:spike-04-container-seal
  - id: npm:spike-02-orpc-bun
  - id: npm:spike-05-scrubber
  - id: npm:spike-01-mockttp-bun
  - id: npm:mocktown
  - id: npm:@mocktown/gui
